
Microsoft Visual Studio Solution File, Format Version 12.00
# Visual Studio Version 16
VisualStudioVersion = 16.0.30002.166
MinimumVisualStudioVersion = 10.0.40219.1
Project("{FAE04EC0-301F-11D3-BF4B-00C04F79EFBC}") = "Spreco", "Spreco.csproj", "{1E8A33EF-9EBF-4195-8019-CB62FF969E3D}"
EndProject
Global
	GlobalSection(SolutionConfigurationPlatforms) = preSolution
		Debug|Any CPU = Debug|Any CPU
		Release|Any CPU = Release|Any CPU
	EndGlobalSection
	GlobalSection(ProjectConfigurationPlatforms) = postSolution
		{1E8A33EF-9EBF-4195-8019-CB62FF969E3D}.Debug|Any CPU.ActiveCfg = Debug|Any CPU
		{1E8A33EF-9EBF-4195-8019-CB62FF969E3D}.Debug|Any CPU.Build.0 = Debug|Any CPU
		{1E8A33EF-9EBF-4195-8019-CB62FF969E3D}.Release|Any CPU.ActiveCfg = Release|Any CPU
		{1E8A33EF-9EBF-4195-8019-CB62FF969E3D}.Release|Any CPU.Build.0 = Release|Any CPU
	EndGlobalSection
	GlobalSection(SolutionProperties) = preSolution
		HideSolutionNode = FALSE
	EndGlobalSection
	GlobalSection(ExtensibilityGlobals) = postSolution
		SolutionGuid = {FBBFCBBC-6F6D-4B1B-B6D3-B52EFD396CFB}
	EndGlobalSection
EndGlobal
